<?xml version="1.0" encoding="utf-8"?>
<Project ToolsVersion="4.0" xmlns="http://schemas.microsoft.com/developer/msbuild/2003">
  <ItemGroup>
    <Filter Include="Arquivos de Origem">
      <UniqueIdentifier>{4FC737F1-C7A5-4376-A066-2A32D752A2FF}</UniqueIdentifier>
      <Extensions>cpp;c;cc;cxx;c++;cppm;ixx;def;odl;idl;hpj;bat;asm;asmx</Extensions>
    </Filter>
    <Filter Include="Arquivos de Cabeçalho">
      <UniqueIdentifier>{93995380-89BD-4b04-88EB-625FBE52EBFB}</UniqueIdentifier>
      <Extensions>h;hh;hpp;hxx;h++;hm;inl;inc;ipp;xsd</Extensions>
    </Filter>
    <Filter Include="Arquivos de Recurso">
      <UniqueIdentifier>{67DA6AB6-F800-4c08-8B7A-83BB121AAD01}</UniqueIdentifier>
      <Extensions>rc;ico;cur;bmp;dlg;rc2;rct;bin;rgs;gif;jpg;jpeg;jpe;resx;tiff;tif;png;wav;mfcribbon-ms</Extensions>
    </Filter>
    <Filter Include="Arquivos de Origem\AllegroSettings">
      <UniqueIdentifier>{ae89f91f-6b3f-4aa2-944d-5ff04337f013}</UniqueIdentifier>
    </Filter>
    <Filter Include="Arquivos de Origem\Types">
      <UniqueIdentifier>{c15cc42e-7b4e-4729-9915-9ea21f55f569}</UniqueIdentifier>
    </Filter>
    <Filter Include="Arquivos de Origem\utils">
      <UniqueIdentifier>{44538309-9503-4b6e-8d34-898d3c937fe3}</UniqueIdentifier>
    </Filter>
    <Filter Include="Arquivos de Origem\utils\lines">
      <UniqueIdentifier>{e44d0890-3186-4343-a52d-d5b2589eb7f5}</UniqueIdentifier>
    </Filter>
    <Filter Include="Arquivos de Origem\ProgramSettings">
      <UniqueIdentifier>{8a94827e-e310-4434-aeeb-6db75e834f42}</UniqueIdentifier>
    </Filter>
  </ItemGroup>
  <ItemGroup>
    <ClCompile Include="POCs_Projeto.c">
      <Filter>Arquivos de Origem</Filter>
    </ClCompile>
    <ClCompile Include="AllegroSettings.c">
      <Filter>Arquivos de Origem\AllegroSettings</Filter>
    </ClCompile>
    <ClCompile Include="ProgramTypes.c">
      <Filter>Arquivos de Origem\Types</Filter>
    </ClCompile>
    <ClCompile Include="createLine.c">
      <Filter>Arquivos de Origem\utils\lines</Filter>
    </ClCompile>
    <ClCompile Include="ProgramSettings.c">
      <Filter>Arquivos de Origem\ProgramSettings</Filter>
    </ClCompile>
  </ItemGroup>
  <ItemGroup>
    <ClInclude Include="AllegroSettings.h">
      <Filter>Arquivos de Cabeçalho</Filter>
    </ClInclude>
    <ClInclude Include="createLine.h">
      <Filter>Arquivos de Cabeçalho</Filter>
    </ClInclude>
    <ClInclude Include="ProgramTypes.h">
      <Filter>Arquivos de Cabeçalho</Filter>
    </ClInclude>
    <ClInclude Include="ProgramSettings.h">
      <Filter>Arquivos de Cabeçalho</Filter>
    </ClInclude>
  </ItemGroup>
  <ItemGroup>
    <None Include="packages.config" />
  </ItemGroup>
</Project>